
Microsoft Visual Studio Solution File, Format Version 12.00
# Visual Studio Version 17
VisualStudioVersion = 17.0.31903.59
MinimumVisualStudioVersion = 10.0.40219.1
Project("{FAE04EC0-301F-11D3-BF4B-00C04F79EFBC}") = "Aula1", "Aula1\Aula1.csproj", "{8B83B9FC-8281-488C-8FBE-24B3CFDDBCD2}"
EndProject
Project("{FAE04EC0-301F-11D3-BF4B-00C04F79EFBC}") = "Aula1.1", "..\Entity\Aula1.1\Aula1.1.csproj", "{4A6CAFE5-88C3-4371-A3EC-13A8C1ABB22E}"
EndProject
Project("{FAE04EC0-301F-11D3-BF4B-00C04F79EFBC}") = "Aula2", "..\Dapper\Aula2\Aula2.csproj", "{12E641BA-0894-4879-B3DF-ECE087883BD2}"
EndProject
Project("{FAE04EC0-301F-11D3-BF4B-00C04F79EFBC}") = "EX1", "..\Entity\ex1\EX1\EX1.csproj", "{30958A11-4C69-46EE-BBA6-B7E12F5943CD}"
EndProject
Project("{FAE04EC0-301F-11D3-BF4B-00C04F79EFBC}") = "Windows_Form", "..\Windows_Form\Windows_Form.csproj", "{72B22410-4D93-4681-ACA1-42BD20DC2BB5}"
EndProject
Project("{FAE04EC0-301F-11D3-BF4B-00C04F79EFBC}") = "Class_Partial", "..\Windows_Forms\Class_Partial\Class_Partial.csproj", "{D91272F7-7F3F-4A82-A27F-C427EAD4956B}"
EndProject
Project("{FAE04EC0-301F-11D3-BF4B-00C04F79EFBC}") = "Aula_3_Console_Forms", "..\Windows_Forms\Aula_3_Console_Forms\Aula_3_Console_Forms.csproj", "{AF734CF0-A6C8-4891-83A9-0BEA7D16A6CC}"
EndProject
Project("{FAE04EC0-301F-11D3-BF4B-00C04F79EFBC}") = "Aula_4_ADO_Forms", "..\Windows_Forms\Aula_4_ADO_Forms\Aula_4_ADO_Forms.csproj", "{08ED8119-F819-4C34-A007-70D069228BD6}"
EndProject
Project("{FAE04EC0-301F-11D3-BF4B-00C04F79EFBC}") = "Exercicio_Entity_Forms", "..\Windows_Forms\Exercicio_Entity_Forms\Exercicio_Entity_Forms.csproj", "{3C2A0A96-486C-44AC-A891-0B438A28CBAF}"
EndProject
Global
	GlobalSection(SolutionConfigurationPlatforms) = preSolution
		Debug|Any CPU = Debug|Any CPU
		Release|Any CPU = Release|Any CPU
	EndGlobalSection
	GlobalSection(SolutionProperties) = preSolution
		HideSolutionNode = FALSE
	EndGlobalSection
	GlobalSection(ProjectConfigurationPlatforms) = postSolution
		{8B83B9FC-8281-488C-8FBE-24B3CFDDBCD2}.Debug|Any CPU.ActiveCfg = Debug|Any CPU
		{8B83B9FC-8281-488C-8FBE-24B3CFDDBCD2}.Debug|Any CPU.Build.0 = Debug|Any CPU
		{8B83B9FC-8281-488C-8FBE-24B3CFDDBCD2}.Release|Any CPU.ActiveCfg = Release|Any CPU
		{8B83B9FC-8281-488C-8FBE-24B3CFDDBCD2}.Release|Any CPU.Build.0 = Release|Any CPU
		{D4A4E6F6-F0A4-4A3C-BBF7-087352AF206A}.Debug|Any CPU.ActiveCfg = Debug|Any CPU
		{D4A4E6F6-F0A4-4A3C-BBF7-087352AF206A}.Debug|Any CPU.Build.0 = Debug|Any CPU
		{D4A4E6F6-F0A4-4A3C-BBF7-087352AF206A}.Release|Any CPU.ActiveCfg = Release|Any CPU
		{D4A4E6F6-F0A4-4A3C-BBF7-087352AF206A}.Release|Any CPU.Build.0 = Release|Any CPU
		{4A6CAFE5-88C3-4371-A3EC-13A8C1ABB22E}.Debug|Any CPU.ActiveCfg = Debug|Any CPU
		{4A6CAFE5-88C3-4371-A3EC-13A8C1ABB22E}.Debug|Any CPU.Build.0 = Debug|Any CPU
		{4A6CAFE5-88C3-4371-A3EC-13A8C1ABB22E}.Release|Any CPU.ActiveCfg = Release|Any CPU
		{4A6CAFE5-88C3-4371-A3EC-13A8C1ABB22E}.Release|Any CPU.Build.0 = Release|Any CPU
		{12E641BA-0894-4879-B3DF-ECE087883BD2}.Debug|Any CPU.ActiveCfg = Debug|Any CPU
		{12E641BA-0894-4879-B3DF-ECE087883BD2}.Debug|Any CPU.Build.0 = Debug|Any CPU
		{12E641BA-0894-4879-B3DF-ECE087883BD2}.Release|Any CPU.ActiveCfg = Release|Any CPU
		{12E641BA-0894-4879-B3DF-ECE087883BD2}.Release|Any CPU.Build.0 = Release|Any CPU
		{30958A11-4C69-46EE-BBA6-B7E12F5943CD}.Debug|Any CPU.ActiveCfg = Debug|Any CPU
		{30958A11-4C69-46EE-BBA6-B7E12F5943CD}.Debug|Any CPU.Build.0 = Debug|Any CPU
		{30958A11-4C69-46EE-BBA6-B7E12F5943CD}.Release|Any CPU.ActiveCfg = Release|Any CPU
		{30958A11-4C69-46EE-BBA6-B7E12F5943CD}.Release|Any CPU.Build.0 = Release|Any CPU
		{72B22410-4D93-4681-ACA1-42BD20DC2BB5}.Debug|Any CPU.ActiveCfg = Debug|Any CPU
		{72B22410-4D93-4681-ACA1-42BD20DC2BB5}.Debug|Any CPU.Build.0 = Debug|Any CPU
		{72B22410-4D93-4681-ACA1-42BD20DC2BB5}.Release|Any CPU.ActiveCfg = Release|Any CPU
		{72B22410-4D93-4681-ACA1-42BD20DC2BB5}.Release|Any CPU.Build.0 = Release|Any CPU
		{D91272F7-7F3F-4A82-A27F-C427EAD4956B}.Debug|Any CPU.ActiveCfg = Debug|Any CPU
		{D91272F7-7F3F-4A82-A27F-C427EAD4956B}.Debug|Any CPU.Build.0 = Debug|Any CPU
		{D91272F7-7F3F-4A82-A27F-C427EAD4956B}.Release|Any CPU.ActiveCfg = Release|Any CPU
		{D91272F7-7F3F-4A82-A27F-C427EAD4956B}.Release|Any CPU.Build.0 = Release|Any CPU
		{AF734CF0-A6C8-4891-83A9-0BEA7D16A6CC}.Debug|Any CPU.ActiveCfg = Debug|Any CPU
		{AF734CF0-A6C8-4891-83A9-0BEA7D16A6CC}.Debug|Any CPU.Build.0 = Debug|Any CPU
		{AF734CF0-A6C8-4891-83A9-0BEA7D16A6CC}.Release|Any CPU.ActiveCfg = Release|Any CPU
		{AF734CF0-A6C8-4891-83A9-0BEA7D16A6CC}.Release|Any CPU.Build.0 = Release|Any CPU
		{08ED8119-F819-4C34-A007-70D069228BD6}.Debug|Any CPU.ActiveCfg = Debug|Any CPU
		{08ED8119-F819-4C34-A007-70D069228BD6}.Debug|Any CPU.Build.0 = Debug|Any CPU
		{08ED8119-F819-4C34-A007-70D069228BD6}.Release|Any CPU.ActiveCfg = Release|Any CPU
		{08ED8119-F819-4C34-A007-70D069228BD6}.Release|Any CPU.Build.0 = Release|Any CPU
		{3C2A0A96-486C-44AC-A891-0B438A28CBAF}.Debug|Any CPU.ActiveCfg = Debug|Any CPU
		{3C2A0A96-486C-44AC-A891-0B438A28CBAF}.Debug|Any CPU.Build.0 = Debug|Any CPU
		{3C2A0A96-486C-44AC-A891-0B438A28CBAF}.Release|Any CPU.ActiveCfg = Release|Any CPU
		{3C2A0A96-486C-44AC-A891-0B438A28CBAF}.Release|Any CPU.Build.0 = Release|Any CPU
	EndGlobalSection
EndGlobal
